// !$*UTF8*$!
{
	archiveVersion = 1;
	classes = {
	};
	objectVersion = 46;
	objects = {

/* Begin PBXBuildFile section */
		7D821DE41B02EEA700F668B9 /* MentionsTVC.swift in Sources */ = {isa = PBXBuildFile; fileRef = 7D821DE31B02EEA700F668B9 /* MentionsTVC.swift */; };
		7DC9F33E1B16733F0034A4D4 /* RecentsVC.swift in Sources */ = {isa = PBXBuildFile; fileRef = 7DC9F33D1B16733F0034A4D4 /* RecentsVC.swift */; };
		7DD10BA81B18C489007EE92E /* TextMentionCell.swift in Sources */ = {isa = PBXBuildFile; fileRef = 7DD10BA71B18C489007EE92E /* TextMentionCell.swift */; };
		7DD10BAA1B18C4BD007EE92E /* ImageMentionCell.swift in Sources */ = {isa = PBXBuildFile; fileRef = 7DD10BA91B18C4BD007EE92E /* ImageMentionCell.swift */; };
		7DE7C98B1AFD70C30051596A /* TweetTableViewCell.swift in Sources */ = {isa = PBXBuildFile; fileRef = 7DE7C98A1AFD70C30051596A /* TweetTableViewCell.swift */; };
		7DE8E1FC1AFC3B1A00C84317 /* AppDelegate.swift in Sources */ = {isa = PBXBuildFile; fileRef = 7DE8E1FB1AFC3B1A00C84317 /* AppDelegate.swift */; };
		7DE8E2011AFC3B1A00C84317 /* Main.storyboard in Resources */ = {isa = PBXBuildFile; fileRef = 7DE8E1FF1AFC3B1A00C84317 /* Main.storyboard */; };
		7DE8E2031AFC3B1A00C84317 /* Images.xcassets in Resources */ = {isa = PBXBuildFile; fileRef = 7DE8E2021AFC3B1A00C84317 /* Images.xcassets */; };
		7DE8E2061AFC3B1A00C84317 /* LaunchScreen.xib in Resources */ = {isa = PBXBuildFile; fileRef = 7DE8E2041AFC3B1A00C84317 /* LaunchScreen.xib */; };
		7DE8E21C1AFC3C0000C84317 /* TweetTableViewController.swift in Sources */ = {isa = PBXBuildFile; fileRef = 7DE8E21B1AFC3C0000C84317 /* TweetTableViewController.swift */; };
		7DE8E2221AFC40E500C84317 /* MediaItem.swift in Sources */ = {isa = PBXBuildFile; fileRef = 7DE8E21E1AFC40E500C84317 /* MediaItem.swift */; };
		7DE8E2231AFC40E500C84317 /* Tweet.swift in Sources */ = {isa = PBXBuildFile; fileRef = 7DE8E21F1AFC40E500C84317 /* Tweet.swift */; };
		7DE8E2241AFC40E500C84317 /* TwitterRequest.swift in Sources */ = {isa = PBXBuildFile; fileRef = 7DE8E2201AFC40E500C84317 /* TwitterRequest.swift */; };
		7DE8E2251AFC40E500C84317 /* User.swift in Sources */ = {isa = PBXBuildFile; fileRef = 7DE8E2211AFC40E500C84317 /* User.swift */; };
		7DF5D61F1B1274FE000BCC40 /* ImageVC.swift in Sources */ = {isa = PBXBuildFile; fileRef = 7DF5D61E1B1274FE000BCC40 /* ImageVC.swift */; };
/* End PBXBuildFile section */

/* Begin PBXContainerItemProxy section */
		7DE8E20C1AFC3B1A00C84317 /* PBXContainerItemProxy */ = {
			isa = PBXContainerItemProxy;
			containerPortal = 7DE8E1EE1AFC3B1900C84317 /* Project object */;
			proxyType = 1;
			remoteGlobalIDString = 7DE8E1F51AFC3B1900C84317;
			remoteInfo = Smashtag;
		};
/* End PBXContainerItemProxy section */

/* Begin PBXFileReference section */
		7D821DE31B02EEA700F668B9 /* MentionsTVC.swift */ = {isa = PBXFileReference; fileEncoding = 4; lastKnownFileType = sourcecode.swift; path = MentionsTVC.swift; sourceTree = "<group>"; };
		7DC9F33D1B16733F0034A4D4 /* RecentsVC.swift */ = {isa = PBXFileReference; fileEncoding = 4; lastKnownFileType = sourcecode.swift; path = RecentsVC.swift; sourceTree = "<group>"; };
		7DD10BA71B18C489007EE92E /* TextMentionCell.swift */ = {isa = PBXFileReference; fileEncoding = 4; lastKnownFileType = sourcecode.swift; name = TextMentionCell.swift; path = ../TextMentionCell.swift; sourceTree = "<group>"; };
		7DD10BA91B18C4BD007EE92E /* ImageMentionCell.swift */ = {isa = PBXFileReference; fileEncoding = 4; lastKnownFileType = sourcecode.swift; name = ImageMentionCell.swift; path = ../ImageMentionCell.swift; sourceTree = "<group>"; };
		7DE7C98A1AFD70C30051596A /* TweetTableViewCell.swift */ = {isa = PBXFileReference; fileEncoding = 4; lastKnownFileType = sourcecode.swift; path = TweetTableViewCell.swift; sourceTree = "<group>"; };
		7DE8E1F61AFC3B1A00C84317 /* Smashtag.app */ = {isa = PBXFileReference; explicitFileType = wrapper.application; includeInIndex = 0; path = Smashtag.app; sourceTree = BUILT_PRODUCTS_DIR; };
		7DE8E1FA1AFC3B1A00C84317 /* Info.plist */ = {isa = PBXFileReference; lastKnownFileType = text.plist.xml; path = Info.plist; sourceTree = "<group>"; };
		7DE8E1FB1AFC3B1A00C84317 /* AppDelegate.swift */ = {isa = PBXFileReference; lastKnownFileType = sourcecode.swift; path = AppDelegate.swift; sourceTree = "<group>"; };
		7DE8E2001AFC3B1A00C84317 /* Base */ = {isa = PBXFileReference; lastKnownFileType = file.storyboard; name = Base; path = Base.lproj/Main.storyboard; sourceTree = "<group>"; };
		7DE8E2021AFC3B1A00C84317 /* Images.xcassets */ = {isa = PBXFileReference; lastKnownFileType = folder.assetcatalog; path = Images.xcassets; sourceTree = "<group>"; };
		7DE8E2051AFC3B1A00C84317 /* Base */ = {isa = PBXFileReference; lastKnownFileType = file.xib; name = Base; path = Base.lproj/LaunchScreen.xib; sourceTree = "<group>"; };
		7DE8E20B1AFC3B1A00C84317 /* SmashtagTests.xctest */ = {isa = PBXFileReference; explicitFileType = wrapper.cfbundle; includeInIndex = 0; path = SmashtagTests.xctest; sourceTree = BUILT_PRODUCTS_DIR; };
		7DE8E2101AFC3B1A00C84317 /* Info.plist */ = {isa = PBXFileReference; lastKnownFileType = text.plist.xml; path = Info.plist; sourceTree = "<group>"; };
		7DE8E2111AFC3B1A00C84317 /* SmashtagTests.swift */ = {isa = PBXFileReference; lastKnownFileType = sourcecode.swift; path = SmashtagTests.swift; sourceTree = "<group>"; };
		7DE8E21B1AFC3C0000C84317 /* TweetTableViewController.swift */ = {isa = PBXFileReference; fileEncoding = 4; lastKnownFileType = sourcecode.swift; path = TweetTableViewController.swift; sourceTree = "<group>"; };
		7DE8E21E1AFC40E500C84317 /* MediaItem.swift */ = {isa = PBXFileReference; fileEncoding = 4; lastKnownFileType = sourcecode.swift; path = MediaItem.swift; sourceTree = "<group>"; };
		7DE8E21F1AFC40E500C84317 /* Tweet.swift */ = {isa = PBXFileReference; fileEncoding = 4; lastKnownFileType = sourcecode.swift; path = Tweet.swift; sourceTree = "<group>"; };
		7DE8E2201AFC40E500C84317 /* TwitterRequest.swift */ = {isa = PBXFileReference; fileEncoding = 4; lastKnownFileType = sourcecode.swift; path = TwitterRequest.swift; sourceTree = "<group>"; };
		7DE8E2211AFC40E500C84317 /* User.swift */ = {isa = PBXFileReference; fileEncoding = 4; lastKnownFileType = sourcecode.swift; path = User.swift; sourceTree = "<group>"; };
		7DF5D61E1B1274FE000BCC40 /* ImageVC.swift */ = {isa = PBXFileReference; fileEncoding = 4; lastKnownFileType = sourcecode.swift; path = ImageVC.swift; sourceTree = "<group>"; };
/* End PBXFileReference section */

/* Begin PBXFrameworksBuildPhase section */
		7DE8E1F31AFC3B1900C84317 /* Frameworks */ = {
			isa = PBXFrameworksBuildPhase;
			buildActionMask = 2147483647;
			files = (
			);
			runOnlyForDeploymentPostprocessing = 0;
		};
		7DE8E2081AFC3B1A00C84317 /* Frameworks */ = {
			isa = PBXFrameworksBuildPhase;
			buildActionMask = 2147483647;
			files = (
			);
			runOnlyForDeploymentPostprocessing = 0;
		};
/* End PBXFrameworksBuildPhase section */

/* Begin PBXGroup section */
		7DE8E1ED1AFC3B1900C84317 = {
			isa = PBXGroup;
			children = (
				7DE8E1F81AFC3B1A00C84317 /* Smashtag */,
				7DE8E20E1AFC3B1A00C84317 /* SmashtagTests */,
				7DE8E1F71AFC3B1A00C84317 /* Products */,
			);
			sourceTree = "<group>";
		};
		7DE8E1F71AFC3B1A00C84317 /* Products */ = {
			isa = PBXGroup;
			children = (
				7DE8E1F61AFC3B1A00C84317 /* Smashtag.app */,
				7DE8E20B1AFC3B1A00C84317 /* SmashtagTests.xctest */,
			);
			name = Products;
			sourceTree = "<group>";
		};
		7DE8E1F81AFC3B1A00C84317 /* Smashtag */ = {
			isa = PBXGroup;
			children = (
				7DE8E1FF1AFC3B1A00C84317 /* Main.storyboard */,
				7DC9F33D1B16733F0034A4D4 /* RecentsVC.swift */,
				7DF5D61E1B1274FE000BCC40 /* ImageVC.swift */,
				7D821DE31B02EEA700F668B9 /* MentionsTVC.swift */,
				7DD10BA91B18C4BD007EE92E /* ImageMentionCell.swift */,
				7DD10BA71B18C489007EE92E /* TextMentionCell.swift */,
				7DE8E21B1AFC3C0000C84317 /* TweetTableViewController.swift */,
				7DE7C98A1AFD70C30051596A /* TweetTableViewCell.swift */,
				7DE8E21D1AFC40E500C84317 /* Twitter */,
				7DE8E1F91AFC3B1A00C84317 /* Supporting Files */,
			);
			path = Smashtag;
			sourceTree = "<group>";
		};
		7DE8E1F91AFC3B1A00C84317 /* Supporting Files */ = {
			isa = PBXGroup;
			children = (
				7DE8E1FB1AFC3B1A00C84317 /* AppDelegate.swift */,
				7DE8E2041AFC3B1A00C84317 /* LaunchScreen.xib */,
				7DE8E2021AFC3B1A00C84317 /* Images.xcassets */,
				7DE8E1FA1AFC3B1A00C84317 /* Info.plist */,
			);
			name = "Supporting Files";
			sourceTree = "<group>";
		};
		7DE8E20E1AFC3B1A00C84317 /* SmashtagTests */ = {
			isa = PBXGroup;
			children = (
				7DE8E2111AFC3B1A00C84317 /* SmashtagTests.swift */,
				7DE8E20F1AFC3B1A00C84317 /* Supporting Files */,
			);
			path = SmashtagTests;
			sourceTree = "<group>";
		};
		7DE8E20F1AFC3B1A00C84317 /* Supporting Files */ = {
			isa = PBXGroup;
			children = (
				7DE8E2101AFC3B1A00C84317 /* Info.plist */,
			);
			name = "Supporting Files";
			sourceTree = "<group>";
		};
		7DE8E21D1AFC40E500C84317 /* Twitter */ = {
			isa = PBXGroup;
			children = (
				7DE8E21E1AFC40E500C84317 /* MediaItem.swift */,
				7DE8E21F1AFC40E500C84317 /* Tweet.swift */,
				7DE8E2201AFC40E500C84317 /* TwitterRequest.swift */,
				7DE8E2211AFC40E500C84317 /* User.swift */,
			);
			path = Twitter;
			sourceTree = "<group>";
		};
/* End PBXGroup section */

/* Begin PBXNativeTarget section */
		7DE8E1F51AFC3B1900C84317 /* Smashtag */ = {
			isa = PBXNativeTarget;
			buildConfigurationList = 7DE8E2151AFC3B1A00C84317 /* Build configuration list for PBXNativeTarget "Smashtag" */;
			buildPhases = (
				7DE8E1F21AFC3B1900C84317 /* Sources */,
				7DE8E1F31AFC3B1900C84317 /* Frameworks */,
				7DE8E1F41AFC3B1900C84317 /* Resources */,
			);
			buildRules = (
			);
			dependencies = (
			);
			name = Smashtag;
			productName = Smashtag;
			productReference = 7DE8E1F61AFC3B1A00C84317 /* Smashtag.app */;
			productType = "com.apple.product-type.application";
		};
		7DE8E20A1AFC3B1A00C84317 /* SmashtagTests */ = {
			isa = PBXNativeTarget;
			buildConfigurationList = 7DE8E2181AFC3B1A00C84317 /* Build configuration list for PBXNativeTarget "SmashtagTests" */;
			buildPhases = (
				7DE8E2071AFC3B1A00C84317 /* Sources */,
				7DE8E2081AFC3B1A00C84317 /* Frameworks */,
				7DE8E2091AFC3B1A00C84317 /* Resources */,
			);
			buildRules = (
			);
			dependencies = (
				7DE8E20D1AFC3B1A00C84317 /* PBXTargetDependency */,
			);
			name = SmashtagTests;
			productName = SmashtagTests;
			productReference = 7DE8E20B1AFC3B1A00C84317 /* SmashtagTests.xctest */;
			productType = "com.apple.product-type.bundle.unit-test";
		};
/* End PBXNativeTarget section */

/* Begin PBXProject section */
		7DE8E1EE1AFC3B1900C84317 /* Project object */ = {
			isa = PBXProject;
			attributes = {
				LastUpgradeCheck = 0630;
				ORGANIZATIONNAME = ElectricTurkeySoftware;
				TargetAttributes = {
					7DE8E1F51AFC3B1900C84317 = {
						CreatedOnToolsVersion = 6.3.1;
					};
					7DE8E20A1AFC3B1A00C84317 = {
						CreatedOnToolsVersion = 6.3.1;
						TestTargetID = 7DE8E1F51AFC3B1900C84317;
					};
				};
			};
			buildConfigurationList = 7DE8E1F11AFC3B1900C84317 /* Build configuration list for PBXProject "Smashtag" */;
			compatibilityVersion = "Xcode 3.2";
			developmentRegion = English;
			hasScannedForEncodings = 0;
			knownRegions = (
				en,
				Base,
			);
			mainGroup = 7DE8E1ED1AFC3B1900C84317;
			productRefGroup = 7DE8E1F71AFC3B1A00C84317 /* Products */;
			projectDirPath = "";
			projectRoot = "";
			targets = (
				7DE8E1F51AFC3B1900C84317 /* Smashtag */,
				7DE8E20A1AFC3B1A00C84317 /* SmashtagTests */,
			);
		};
/* End PBXProject section */

/* Begin PBXResourcesBuildPhase section */
		7DE8E1F41AFC3B1900C84317 /* Resources */ = {
			isa = PBXResourcesBuildPhase;
			buildActionMask = 2147483647;
			files = (
				7DE8E2011AFC3B1A00C84317 /* Main.storyboard in Resources */,
				7DE8E2061AFC3B1A00C84317 /* LaunchScreen.xib in Resources */,
				7DE8E2031AFC3B1A00C84317 /* Images.xcassets in Resources */,
			);
			runOnlyForDeploymentPostprocessing = 0;
		};
		7DE8E2091AFC3B1A00C84317 /* Resources */ = {
			isa = PBXResourcesBuildPhase;
			buildActionMask = 2147483647;
			files = (
			);
			runOnlyForDeploymentPostprocessing = 0;
		};
/* End PBXResourcesBuildPhase section */

/* Begin PBXSourcesBuildPhase section */
		7DE8E1F21AFC3B1900C84317 /* Sources */ = {
			isa = PBXSourcesBuildPhase;
			buildActionMask = 2147483647;
			files = (
				7DE8E21C1AFC3C0000C84317 /* TweetTableViewController.swift in Sources */,
				7DF5D61F1B1274FE000BCC40 /* ImageVC.swift in Sources */,
				7DD10BAA1B18C4BD007EE92E /* ImageMentionCell.swift in Sources */,
				7DE8E2231AFC40E500C84317 /* Tweet.swift in Sources */,
				7DD10BA81B18C489007EE92E /* TextMentionCell.swift in Sources */,
				7DE8E2221AFC40E500C84317 /* MediaItem.swift in Sources */,
				7DC9F33E1B16733F0034A4D4 /* RecentsVC.swift in Sources */,
				7DE8E1FC1AFC3B1A00C84317 /* AppDelegate.swift in Sources */,
				7DE8E2241AFC40E500C84317 /* TwitterRequest.swift in Sources */,
				7DE8E2251AFC40E500C84317 /* User.swift in Sources */,
				7D821DE41B02EEA700F668B9 /* MentionsTVC.swift in Sources */,
				7DE7C98B1AFD70C30051596A /* TweetTableViewCell.swift in Sources */,
			);
			runOnlyForDeploymentPostprocessing = 0;
		};
		7DE8E2071AFC3B1A00C84317 /* Sources */ = {
			isa = PBXSourcesBuildPhase;
			buildActionMask = 2147483647;
			files = (
			);
			runOnlyForDeploymentPostprocessing = 0;
		};
/* End PBXSourcesBuildPhase section */

/* Begin PBXTargetDependency section */
		7DE8E20D1AFC3B1A00C84317 /* PBXTargetDependency */ = {
			isa = PBXTargetDependency;
			target = 7DE8E1F51AFC3B1900C84317 /* Smashtag */;
			targetProxy = 7DE8E20C1AFC3B1A00C84317 /* PBXContainerItemProxy */;
		};
/* End PBXTargetDependency section */

/* Begin PBXVariantGroup section */
		7DE8E1FF1AFC3B1A00C84317 /* Main.storyboard */ = {
			isa = PBXVariantGroup;
			children = (
				7DE8E2001AFC3B1A00C84317 /* Base */,
			);
			name = Main.storyboard;
			sourceTree = "<group>";
		};
		7DE8E2041AFC3B1A00C84317 /* LaunchScreen.xib */ = {
			isa = PBXVariantGroup;
			children = (
				7DE8E2051AFC3B1A00C84317 /* Base */,
			);
			name = LaunchScreen.xib;
			sourceTree = "<group>";
		};
/* End PBXVariantGroup section */

/* Begin XCBuildConfiguration section */
		7DE8E2131AFC3B1A00C84317 /* Debug */ = {
			isa = XCBuildConfiguration;
			buildSettings = {
				ALWAYS_SEARCH_USER_PATHS = NO;
				CLANG_CXX_LANGUAGE_STANDARD = "gnu++0x";
				CLANG_CXX_LIBRARY = "libc++";
				CLANG_ENABLE_MODULES = YES;
				CLANG_ENABLE_OBJC_ARC = YES;
				CLANG_WARN_BOOL_CONVERSION = YES;
				CLANG_WARN_CONSTANT_CONVERSION = YES;
				CLANG_WARN_DIRECT_OBJC_ISA_USAGE = YES_ERROR;
				CLANG_WARN_EMPTY_BODY = YES;
				CLANG_WARN_ENUM_CONVERSION = YES;
				CLANG_WARN_INT_CONVERSION = YES;
				CLANG_WARN_OBJC_ROOT_CLASS = YES_ERROR;
				CLANG_WARN_UNREACHABLE_CODE = YES;
				CLANG_WARN__DUPLICATE_METHOD_MATCH = YES;
				"CODE_SIGN_IDENTITY[sdk=iphoneos*]" = "iPhone Developer";
				COPY_PHASE_STRIP = NO;
				DEBUG_INFORMATION_FORMAT = "dwarf-with-dsym";
				ENABLE_STRICT_OBJC_MSGSEND = YES;
				GCC_C_LANGUAGE_STANDARD = gnu99;
				GCC_DYNAMIC_NO_PIC = NO;
				GCC_NO_COMMON_BLOCKS = YES;
				GCC_OPTIMIZATION_LEVEL = 0;
				GCC_PREPROCESSOR_DEFINITIONS = (
					"DEBUG=1",
					"$(inherited)",
				);
				GCC_SYMBOLS_PRIVATE_EXTERN = NO;
				GCC_WARN_64_TO_32_BIT_CONVERSION = YES;
				GCC_WARN_ABOUT_RETURN_TYPE = YES_ERROR;
				GCC_WARN_UNDECLARED_SELECTOR = YES;
				GCC_WARN_UNINITIALIZED_AUTOS = YES_AGGRESSIVE;
				GCC_WARN_UNUSED_FUNCTION = YES;
				GCC_WARN_UNUSED_VARIABLE = YES;
				IPHONEOS_DEPLOYMENT_TARGET = 8.3;
				MTL_ENABLE_DEBUG_INFO = YES;
				ONLY_ACTIVE_ARCH = YES;
				SDKROOT = iphoneos;
				SWIFT_OPTIMIZATION_LEVEL = "-Onone";
				TARGETED_DEVICE_FAMILY = "1,2";
			};
			name = Debug;
		};
		7DE8E2141AFC3B1A00C84317 /* Release */ = {
			isa = XCBuildConfiguration;
			buildSettings = {
				ALWAYS_SEARCH_USER_PATHS = NO;
				CLANG_CXX_LANGUAGE_STANDARD = "gnu++0x";
				CLANG_CXX_LIBRARY = "libc++";
				CLANG_ENABLE_MODULES = YES;
				CLANG_ENABLE_OBJC_ARC = YES;
				CLANG_WARN_BOOL_CONVERSION = YES;
				CLANG_WARN_CONSTANT_CONVERSION = YES;
				CLANG_WARN_DIRECT_OBJC_ISA_USAGE = YES_ERROR;
				CLANG_WARN_EMPTY_BODY = YES;
				CLANG_WARN_ENUM_CONVERSION = YES;
				CLANG_WARN_INT_CONVERSION = YES;
				CLANG_WARN_OBJC_ROOT_CLASS = YES_ERROR;
				CLANG_WARN_UNREACHABLE_CODE = YES;
				CLANG_WARN__DUPLICATE_METHOD_MATCH = YES;
				"CODE_SIGN_IDENTITY[sdk=iphoneos*]" = "iPhone Developer";
				COPY_PHASE_STRIP = NO;
				DEBUG_INFORMATION_FORMAT = "dwarf-with-dsym";
				ENABLE_NS_ASSERTIONS = NO;
				ENABLE_STRICT_OBJC_MSGSEND = YES;
				GCC_C_LANGUAGE_STANDARD = gnu99;
				GCC_NO_COMMON_BLOCKS = YES;
				GCC_WARN_64_TO_32_BIT_CONVERSION = YES;
				GCC_WARN_ABOUT_RETURN_TYPE = YES_ERROR;
				GCC_WARN_UNDECLARED_SELECTOR = YES;
				GCC_WARN_UNINITIALIZED_AUTOS = YES_AGGRESSIVE;
				GCC_WARN_UNUSED_FUNCTION = YES;
				GCC_WARN_UNUSED_VARIABLE = YES;
				IPHONEOS_DEPLOYMENT_TARGET = 8.3;
				MTL_ENABLE_DEBUG_INFO = NO;
				SDKROOT = iphoneos;
				TARGETED_DEVICE_FAMILY = "1,2";
				VALIDATE_PRODUCT = YES;
			};
			name = Release;
		};
		7DE8E2161AFC3B1A00C84317 /* Debug */ = {
			isa = XCBuildConfiguration;
			buildSettings = {
				ASSETCATALOG_COMPILER_APPICON_NAME = AppIcon;
				INFOPLIST_FILE = Smashtag/Info.plist;
				LD_RUNPATH_SEARCH_PATHS = "$(inherited) @executable_path/Frameworks";
				PRODUCT_NAME = "$(TARGET_NAME)";
				TARGETED_DEVICE_FAMILY = 1;
			};
			name = Debug;
		};
		7DE8E2171AFC3B1A00C84317 /* Release */ = {
			isa = XCBuildConfiguration;
			buildSettings = {
				ASSETCATALOG_COMPILER_APPICON_NAME = AppIcon;
				INFOPLIST_FILE = Smashtag/Info.plist;
				LD_RUNPATH_SEARCH_PATHS = "$(inherited) @executable_path/Frameworks";
				PRODUCT_NAME = "$(TARGET_NAME)";
				TARGETED_DEVICE_FAMILY = 1;
			};
			name = Release;
		};
		7DE8E2191AFC3B1A00C84317 /* Debug */ = {
			isa = XCBuildConfiguration;
			buildSettings = {
				BUNDLE_LOADER = "$(TEST_HOST)";
				FRAMEWORK_SEARCH_PATHS = (
					"$(SDKROOT)/Developer/Library/Frameworks",
					"$(inherited)",
				);
				GCC_PREPROCESSOR_DEFINITIONS = (
					"DEBUG=1",
					"$(inherited)",
				);
				INFOPLIST_FILE = SmashtagTests/Info.plist;
				LD_RUNPATH_SEARCH_PATHS = "$(inherited) @executable_path/Frameworks @loader_path/Frameworks";
				PRODUCT_NAME = "$(TARGET_NAME)";
				TEST_HOST = "$(BUILT_PRODUCTS_DIR)/Smashtag.app/Smashtag";
			};
			name = Debug;
		};
		7DE8E21A1AFC3B1A00C84317 /* Release */ = {
			isa = XCBuildConfiguration;
			buildSettings = {
				BUNDLE_LOADER = "$(TEST_HOST)";
				FRAMEWORK_SEARCH_PATHS = (
					"$(SDKROOT)/Developer/Library/Frameworks",
					"$(inherited)",
				);
				INFOPLIST_FILE = SmashtagTests/Info.plist;
				LD_RUNPATH_SEARCH_PATHS = "$(inherited) @executable_path/Frameworks @loader_path/Frameworks";
				PRODUCT_NAME = "$(TARGET_NAME)";
				TEST_HOST = "$(BUILT_PRODUCTS_DIR)/Smashtag.app/Smashtag";
			};
			name = Release;
		};
/* End XCBuildConfiguration section */

/* Begin XCConfigurationList section */
		7DE8E1F11AFC3B1900C84317 /* Build configuration list for PBXProject "Smashtag" */ = {
			isa = XCConfigurationList;
			buildConfigurations = (
				7DE8E2131AFC3B1A00C84317 /* Debug */,
				7DE8E2141AFC3B1A00C84317 /* Release */,
			);
			defaultConfigurationIsVisible = 0;
			defaultConfigurationName = Release;
		};
		7DE8E2151AFC3B1A00C84317 /* Build configuration list for PBXNativeTarget "Smashtag" */ = {
			isa = XCConfigurationList;
			buildConfigurations = (
				7DE8E2161AFC3B1A00C84317 /* Debug */,
				7DE8E2171AFC3B1A00C84317 /* Release */,
			);
			defaultConfigurationIsVisible = 0;
			defaultConfigurationName = Release;
		};
		7DE8E2181AFC3B1A00C84317 /* Build configuration list for PBXNativeTarget "SmashtagTests" */ = {
			isa = XCConfigurationList;
			buildConfigurations = (
				7DE8E2191AFC3B1A00C84317 /* Debug */,
				7DE8E21A1AFC3B1A00C84317 /* Release */,
			);
			defaultConfigurationIsVisible = 0;
			defaultConfigurationName = Release;
		};
/* End XCConfigurationList section */
	};
	rootObject = 7DE8E1EE1AFC3B1900C84317 /* Project object */;
}
